PODS:
  - AFNetworking (2.5.0):
    - AFNetworking/NSURLConnection (= 2.5.0)
    - AFNetworking/NSURLSession (= 2.5.0)
    - AFNetworking/Reachability (= 2.5.0)
    - AFNetworking/Security (= 2.5.0)
    - AFNetworking/Serialization (= 2.5.0)
    - AFNetworking/UIKit (= 2.5.0)
  - AFNetworking/NSURLConnection (2.5.0):
    - AFNetworking/Reachability
    - AFNetworking/Security
    - AFNetworking/Serialization
  - AFNetworking/NSURLSession (2.5.0):
    - AFNetworking/Reachability
    - AFNetworking/Security
    - AFNetworking/Serialization
  - AFNetworking/Reachability (2.5.0)
  - AFNetworking/Security (2.5.0)
  - AFNetworking/Serialization (2.5.0)
  - AFNetworking/UIKit (2.5.0):
    - AFNetworking/NSURLConnection
    - AFNetworking/NSURLSession
  - ARChromeActivity (1.0.4)
  - PLCrashReporter (1.2-rc5)
  - TBXML (1.5)
  - TUSafariActivity (1.0.2)

DEPENDENCIES:
  - AFNetworking (~> 2.0)
  - ARChromeActivity (~> 1.0)
  - PLCrashReporter (= 1.2-rc5)
  - TBXML (~> 1.5)
  - TUSafariActivity (~> 1.0.1)

SPEC CHECKSUMS:
  AFNetworking: 96ac9bf3eda33582701cb1fcc5b896aa1e20311e
  ARChromeActivity: 9064d94803338d3377f3e1013a8e8f4821d7daf1
  PLCrashReporter: 655201ef69223866e230a25c973c8f39bcc4b722
  TBXML: 9f9dadb239f2f2af1dadb87fe43a0ce6e479379a
  TUSafariActivity: 32e3e5dc9123e5533a42d41e1c3246d12911a4a2

COCOAPODS: 0.38.2
